
Microsoft Visual Studio Solution File, Format Version 12.00
# Visual Studio Version 17
VisualStudioVersion = 17.10.35122.118
MinimumVisualStudioVersion = 10.0.40219.1
Project("{FAE04EC0-301F-11D3-BF4B-00C04F79EFBC}") = "Foodie_Adda", "Foodie_Adda\Foodie_Adda.csproj", "{50BE4F95-084C-463B-8390-3A65CC4C65AF}"
EndProject
Global
	GlobalSection(SolutionConfigurationPlatforms) = preSolution
		Debug|Any CPU = Debug|Any CPU
		Release|Any CPU = Release|Any CPU
	EndGlobalSection
	GlobalSection(ProjectConfigurationPlatforms) = postSolution
		{50BE4F95-084C-463B-8390-3A65CC4C65AF}.Debug|Any CPU.ActiveCfg = Debug|Any CPU
		{50BE4F95-084C-463B-8390-3A65CC4C65AF}.Debug|Any CPU.Build.0 = Debug|Any CPU
		{50BE4F95-084C-463B-8390-3A65CC4C65AF}.Release|Any CPU.ActiveCfg = Release|Any CPU
		{50BE4F95-084C-463B-8390-3A65CC4C65AF}.Release|Any CPU.Build.0 = Release|Any CPU
	EndGlobalSection
	GlobalSection(SolutionProperties) = preSolution
		HideSolutionNode = FALSE
	EndGlobalSection
	GlobalSection(ExtensibilityGlobals) = postSolution
		SolutionGuid = {83E8F36A-03AD-47D1-8673-D6102FC13D78}
	EndGlobalSection
EndGlobal
